PODS:
  - RCDebugKit (0.1.0):
    - RCDebugKit/FPSLabel (= 0.1.0)
  - RCDebugKit/FPSLabel (0.1.0)

DEPENDENCIES:
  - RCDebugKit (from `../`)

EXTERNAL SOURCES:
  RCDebugKit:
    :path: ../

SPEC CHECKSUMS:
  RCDebugKit: b956afff988ba4bfc7fd038f375caf4388308064

PODFILE CHECKSUM: 12e400d315956ca2ea2582a4eff0574e9192da6a

COCOAPODS: 1.3.1
