PODS:
  - RCDebugKit (0.1.0):
    - RCDebugKit/FPSLabel (= 0.1.0)
    - RCDebugKit/Hint (= 0.1.0)
  - RCDebugKit/FPSLabel (0.1.0)
  - RCDebugKit/Hint (0.1.0)

DEPENDENCIES:
  - RCDebugKit (from `../`)

EXTERNAL SOURCES:
  RCDebugKit:
    :path: ../

SPEC CHECKSUMS:
  RCDebugKit: 6a62dac161c99be8021e7361ac0c8e36f22fe0fb

PODFILE CHECKSUM: 12e400d315956ca2ea2582a4eff0574e9192da6a

COCOAPODS: 1.4.0
