PODS:
  - RCDebugKit (0.1.2):
    - RCDebugKit/Core (= 0.1.2)
    - RCDebugKit/FPSLabel (= 0.1.2)
  - RCDebugKit/Core (0.1.2)
  - RCDebugKit/FPSLabel (0.1.2)

DEPENDENCIES:
  - RCDebugKit (from `../`)

EXTERNAL SOURCES:
  RCDebugKit:
    :path: ../

SPEC CHECKSUMS:
  RCDebugKit: 3a54bc30747f38618ebaee0544468031c5c2c7a8

PODFILE CHECKSUM: 4be8fda6abb730a0f26f699177c7b2e8b96296ef

COCOAPODS: 1.3.1
