// !$*UTF8*$!
{
	archiveVersion = 1;
	classes = {
	};
	objectVersion = 46;
	objects = {

/* Begin PBXBuildFile section */
		0574144EA276B1239DAF3A1622A7C1A6 /* YYWeakProxy.m in Sources */ = {isa = PBXBuildFile; fileRef = 66B1D8EB69BD8F09407A14FC43E9583A /* YYWeakProxy.m */; };
		180E29AC33A1927756AF8E3B66EB2448 /* RCDebugKit-umbrella.h in Headers */ = {isa = PBXBuildFile; fileRef = 3F9A75D6FC6537A4B6E48B55A3593F4B /* RCDebugKit-umbrella.h */; settings = {ATTRIBUTES = (Public, ); }; };
		1B4DC393D919182D6DABE395606FE39D /* UIKit.framework in Frameworks */ = {isa = PBXBuildFile; fileRef = B63C6A64CF66340668996F78DA6BB482 /* UIKit.framework */; };
		224907B3F3B20060EF016F248391CAB5 /* Pods-RCDebugKit_Tests-umbrella.h in Headers */ = {isa = PBXBuildFile; fileRef = 9EC2990C34A40FBB948A5E6FDC7FAA14 /* Pods-RCDebugKit_Tests-umbrella.h */; settings = {ATTRIBUTES = (Public, ); }; };
		2D21C547D4CC68A3FF19C9D50442780E /* RCToast.m in Sources */ = {isa = PBXBuildFile; fileRef = FA9D4B884C1CEE3242F5137CE27FE741 /* RCToast.m */; };
		4AF0FB506E83FF4F96C096FD9029AA11 /* YYWeakProxy.h in Headers */ = {isa = PBXBuildFile; fileRef = 3067AA1BC3C6B4301454EE40B283B4EC /* YYWeakProxy.h */; settings = {ATTRIBUTES = (Public, ); }; };
		4DB93623E270DD29B80FF23036D11F71 /* Pods-RCDebugKit_Tests-dummy.m in Sources */ = {isa = PBXBuildFile; fileRef = 28E99AB46440DF3517FB286A7815B154 /* Pods-RCDebugKit_Tests-dummy.m */; };
		75F2F9B5370B31B8275873FCFA034B3B /* Foundation.framework in Frameworks */ = {isa = PBXBuildFile; fileRef = D88AAE1F92055A60CC2FC970D7D34634 /* Foundation.framework */; };
		7A767970A4CF72CAA07584958ECA925B /* RCToast.h in Headers */ = {isa = PBXBuildFile; fileRef = 2F6B805679B84886F985C02913FA95AA /* RCToast.h */; settings = {ATTRIBUTES = (Public, ); }; };
		84FD0A639244B21633CB22AB3BFC1458 /* RCDebugKit-dummy.m in Sources */ = {isa = PBXBuildFile; fileRef = 011534D1B8DF3586D9ABB7C7C96084E2 /* RCDebugKit-dummy.m */; };
		8B61C3DAF153F7FDCA0FF02E0770D12C /* Foundation.framework in Frameworks */ = {isa = PBXBuildFile; fileRef = D88AAE1F92055A60CC2FC970D7D34634 /* Foundation.framework */; };
		9DDD22FFE07C78DB332B55BE41C1561A /* YYFPSLabel.h in Headers */ = {isa = PBXBuildFile; fileRef = 1AC4458554B8BD830B2A6C3478419ADB /* YYFPSLabel.h */; settings = {ATTRIBUTES = (Public, ); }; };
		AB0B47F76FC5C8934647741FAD22774C /* Pods-RCDebugKit_Example-dummy.m in Sources */ = {isa = PBXBuildFile; fileRef = 126C6A7BE22266B66DBDBD7E728153D4 /* Pods-RCDebugKit_Example-dummy.m */; };
		C517D5E81D74EDE94E6E1A8FDA4B1DBB /* RCFPSLabelHeader.h in Headers */ = {isa = PBXBuildFile; fileRef = 3F676EB28F015A5B24164F126637F53F /* RCFPSLabelHeader.h */; settings = {ATTRIBUTES = (Public, ); }; };
		D1DA53824520C809F313005E21F483FD /* YYFPSLabel.m in Sources */ = {isa = PBXBuildFile; fileRef = AA287A3BDCE23518F553DA5825A09CE9 /* YYFPSLabel.m */; };
		DE8B87F8205803B4006BC605 /* RCDebugMacros.h in Headers */ = {isa = PBXBuildFile; fileRef = DE8B87F7205803B4006BC605 /* RCDebugMacros.h */; };
		DE8B87F9205803B4006BC605 /* RCDebugMacros.h in Headers */ = {isa = PBXBuildFile; fileRef = DE8B87F7205803B4006BC605 /* RCDebugMacros.h */; };
		DE8B87FA205803B4006BC605 /* RCDebugMacros.h in Headers */ = {isa = PBXBuildFile; fileRef = DE8B87F7205803B4006BC605 /* RCDebugMacros.h */; };
		E59B155B8898FE0DB4DAB1EAB8BC698A /* Pods-RCDebugKit_Example-umbrella.h in Headers */ = {isa = PBXBuildFile; fileRef = 7F49C9A8421C2F0A66168ADBC7B5DBD6 /* Pods-RCDebugKit_Example-umbrella.h */; settings = {ATTRIBUTES = (Public, ); }; };
		FBC6551BCDDDA985049B6C1C1D067C40 /* Foundation.framework in Frameworks */ = {isa = PBXBuildFile; fileRef = D88AAE1F92055A60CC2FC970D7D34634 /* Foundation.framework */; };
/* End PBXBuildFile section */

/* Begin PBXContainerItemProxy section */
		4F869DEBA11DD90FA709A7A8CEF7D1AD /* PBXContainerItemProxy */ = {
			isa = PBXContainerItemProxy;
			containerPortal = D41D8CD98F00B204E9800998ECF8427E /* Project object */;
			proxyType = 1;
			remoteGlobalIDString = 3433FA43CBFC2F72463E6F6C97A0906F;
			remoteInfo = RCDebugKit;
		};
/* End PBXContainerItemProxy section */

/* Begin PBXFileReference section */
		011534D1B8DF3586D9ABB7C7C96084E2 /* RCDebugKit-dummy.m */ = {isa = PBXFileReference; includeInIndex = 1; lastKnownFileType = sourcecode.c.objc; path = "RCDebugKit-dummy.m"; sourceTree = "<group>"; };
		0CC2A748979D7DD13BA245780659B74F /* Pods-RCDebugKit_Tests-frameworks.sh */ = {isa = PBXFileReference; includeInIndex = 1; lastKnownFileType = text.script.sh; path = "Pods-RCDebugKit_Tests-frameworks.sh"; sourceTree = "<group>"; };
		126C6A7BE22266B66DBDBD7E728153D4 /* Pods-RCDebugKit_Example-dummy.m */ = {isa = PBXFileReference; includeInIndex = 1; lastKnownFileType = sourcecode.c.objc; path = "Pods-RCDebugKit_Example-dummy.m"; sourceTree = "<group>"; };
		14027604DA6B96275E5FD54B8ADCF092 /* Info.plist */ = {isa = PBXFileReference; includeInIndex = 1; lastKnownFileType = text.plist.xml; path = Info.plist; sourceTree = "<group>"; };
		16887ADC4AEBA65945BAB21991B243B9 /* Pods_RCDebugKit_Tests.framework */ = {isa = PBXFileReference; explicitFileType = wrapper.framework; includeInIndex = 0; path = Pods_RCDebugKit_Tests.framework; sourceTree = BUILT_PRODUCTS_DIR; };
		1AC4458554B8BD830B2A6C3478419ADB /* YYFPSLabel.h */ = {isa = PBXFileReference; includeInIndex = 1; lastKnownFileType = sourcecode.c.h; name = YYFPSLabel.h; path = RCDebugKit/Classes/YYFPSLabel/YYFPSLabel.h; sourceTree = "<group>"; };
		1CEDDC2F919E9A4BC939559A6D0D4C00 /* Pods-RCDebugKit_Tests-acknowledgements.plist */ = {isa = PBXFileReference; includeInIndex = 1; lastKnownFileType = text.plist.xml; path = "Pods-RCDebugKit_Tests-acknowledgements.plist"; sourceTree = "<group>"; };
		28E99AB46440DF3517FB286A7815B154 /* Pods-RCDebugKit_Tests-dummy.m */ = {isa = PBXFileReference; includeInIndex = 1; lastKnownFileType = sourcecode.c.objc; path = "Pods-RCDebugKit_Tests-dummy.m"; sourceTree = "<group>"; };
		2A219F309AAB730617D0D8C4F2FF68DA /* RCDebugKit.xcconfig */ = {isa = PBXFileReference; includeInIndex = 1; lastKnownFileType = text.xcconfig; path = RCDebugKit.xcconfig; sourceTree = "<group>"; };
		2F6B805679B84886F985C02913FA95AA /* RCToast.h */ = {isa = PBXFileReference; includeInIndex = 1; lastKnownFileType = sourcecode.c.h; name = RCToast.h; path = RCDebugKit/Classes/Hint/RCToast.h; sourceTree = "<group>"; };
		3067AA1BC3C6B4301454EE40B283B4EC /* YYWeakProxy.h */ = {isa = PBXFileReference; includeInIndex = 1; lastKnownFileType = sourcecode.c.h; name = YYWeakProxy.h; path = RCDebugKit/Classes/YYFPSLabel/YYWeakProxy.h; sourceTree = "<group>"; };
		32574A42201F9068C23CF16465967DE8 /* Pods-RCDebugKit_Example-resources.sh */ = {isa = PBXFileReference; includeInIndex = 1; lastKnownFileType = text.script.sh; path = "Pods-RCDebugKit_Example-resources.sh"; sourceTree = "<group>"; };
		3F676EB28F015A5B24164F126637F53F /* RCFPSLabelHeader.h */ = {isa = PBXFileReference; includeInIndex = 1; lastKnownFileType = sourcecode.c.h; name = RCFPSLabelHeader.h; path = RCDebugKit/Classes/YYFPSLabel/RCFPSLabelHeader.h; sourceTree = "<group>"; };
		3F9A75D6FC6537A4B6E48B55A3593F4B /* RCDebugKit-umbrella.h */ = {isa = PBXFileReference; includeInIndex = 1; lastKnownFileType = sourcecode.c.h; path = "RCDebugKit-umbrella.h"; sourceTree = "<group>"; };
		47232587D2E6EA41B8D75E8E5D744A8D /* Pods-RCDebugKit_Tests.modulemap */ = {isa = PBXFileReference; includeInIndex = 1; lastKnownFileType = "sourcecode.module-map"; path = "Pods-RCDebugKit_Tests.modulemap"; sourceTree = "<group>"; };
		534AEAA6C07A94E6225E0A401542CAB1 /* README.md */ = {isa = PBXFileReference; includeInIndex = 1; lastKnownFileType = net.daringfireball.markdown; path = README.md; sourceTree = "<group>"; };
		62482C7B25F8C4CCF9D07282D8818BA8 /* Pods-RCDebugKit_Example.modulemap */ = {isa = PBXFileReference; includeInIndex = 1; lastKnownFileType = "sourcecode.module-map"; path = "Pods-RCDebugKit_Example.modulemap"; sourceTree = "<group>"; };
		6427CD77589E2A5C0D5DA10301FFA088 /* Pods-RCDebugKit_Example-acknowledgements.plist */ = {isa = PBXFileReference; includeInIndex = 1; lastKnownFileType = text.plist.xml; path = "Pods-RCDebugKit_Example-acknowledgements.plist"; sourceTree = "<group>"; };
		66B1D8EB69BD8F09407A14FC43E9583A /* YYWeakProxy.m */ = {isa = PBXFileReference; includeInIndex = 1; lastKnownFileType = sourcecode.c.objc; name = YYWeakProxy.m; path = RCDebugKit/Classes/YYFPSLabel/YYWeakProxy.m; sourceTree = "<group>"; };
		693AD0F5771CC4FD178F31500013ABFE /* Pods-RCDebugKit_Tests-acknowledgements.markdown */ = {isa = PBXFileReference; includeInIndex = 1; lastKnownFileType = text; path = "Pods-RCDebugKit_Tests-acknowledgements.markdown"; sourceTree = "<group>"; };
		6B58E9DED07E4978B64D04CC660BAF72 /* RCDebugKit.modulemap */ = {isa = PBXFileReference; includeInIndex = 1; lastKnownFileType = "sourcecode.module-map"; path = RCDebugKit.modulemap; sourceTree = "<group>"; };
		79E0EF4F6FC1B91B7F121FC77E1691CD /* Pods-RCDebugKit_Tests.debug.xcconfig */ = {isa = PBXFileReference; includeInIndex = 1; lastKnownFileType = text.xcconfig; path = "Pods-RCDebugKit_Tests.debug.xcconfig"; sourceTree = "<group>"; };
		7F49C9A8421C2F0A66168ADBC7B5DBD6 /* Pods-RCDebugKit_Example-umbrella.h */ = {isa = PBXFileReference; includeInIndex = 1; lastKnownFileType = sourcecode.c.h; path = "Pods-RCDebugKit_Example-umbrella.h"; sourceTree = "<group>"; };
		80E754A14C40BF1009995751D43E1F79 /* Pods-RCDebugKit_Tests-resources.sh */ = {isa = PBXFileReference; includeInIndex = 1; lastKnownFileType = text.script.sh; path = "Pods-RCDebugKit_Tests-resources.sh"; sourceTree = "<group>"; };
		93A4A3777CF96A4AAC1D13BA6DCCEA73 /* Podfile */ = {isa = PBXFileReference; explicitFileType = text.script.ruby; includeInIndex = 1; name = Podfile; path = ../Podfile; sourceTree = SOURCE_ROOT; xcLanguageSpecificationIdentifier = xcode.lang.ruby; };
		948DE11D2C0A95C94D260DE22A6506DD /* Pods_RCDebugKit_Example.framework */ = {isa = PBXFileReference; explicitFileType = wrapper.framework; includeInIndex = 0; path = Pods_RCDebugKit_Example.framework; sourceTree = BUILT_PRODUCTS_DIR; };
		9D6FD9DA2CCAE13B6E223E1AA21CC930 /* Pods-RCDebugKit_Example-acknowledgements.markdown */ = {isa = PBXFileReference; includeInIndex = 1; lastKnownFileType = text; path = "Pods-RCDebugKit_Example-acknowledgements.markdown"; sourceTree = "<group>"; };
		9EC2990C34A40FBB948A5E6FDC7FAA14 /* Pods-RCDebugKit_Tests-umbrella.h */ = {isa = PBXFileReference; includeInIndex = 1; lastKnownFileType = sourcecode.c.h; path = "Pods-RCDebugKit_Tests-umbrella.h"; sourceTree = "<group>"; };
		AA287A3BDCE23518F553DA5825A09CE9 /* YYFPSLabel.m */ = {isa = PBXFileReference; includeInIndex = 1; lastKnownFileType = sourcecode.c.objc; name = YYFPSLabel.m; path = RCDebugKit/Classes/YYFPSLabel/YYFPSLabel.m; sourceTree = "<group>"; };
		ACFEF3D290110CE7296155F5ADD54D31 /* Pods-RCDebugKit_Example.release.xcconfig */ = {isa = PBXFileReference; includeInIndex = 1; lastKnownFileType = text.xcconfig; path = "Pods-RCDebugKit_Example.release.xcconfig"; sourceTree = "<group>"; };
		AE4377E0C2787CFB650A18F44F319D8E /* Pods-RCDebugKit_Tests.release.xcconfig */ = {isa = PBXFileReference; includeInIndex = 1; lastKnownFileType = text.xcconfig; path = "Pods-RCDebugKit_Tests.release.xcconfig"; sourceTree = "<group>"; };
		B0670DB48A932341BB19340F8771E455 /* LICENSE */ = {isa = PBXFileReference; includeInIndex = 1; lastKnownFileType = text; path = LICENSE; sourceTree = "<group>"; };
		B63C6A64CF66340668996F78DA6BB482 /* UIKit.framework */ = {isa = PBXFileReference; lastKnownFileType = wrapper.framework; name = UIKit.framework; path = Platforms/iPhoneOS.platform/Developer/SDKs/iPhoneOS10.3.sdk/System/Library/Frameworks/UIKit.framework; sourceTree = DEVELOPER_DIR; };
		C1FA068CFCE6FCD0D21FED04C8EDA81F /* RCDebugKit.podspec */ = {isa = PBXFileReference; explicitFileType = text.script.ruby; includeInIndex = 1; path = RCDebugKit.podspec; sourceTree = "<group>"; xcLanguageSpecificationIdentifier = xcode.lang.ruby; };
		C4B4B804460161C7537688A4159108E6 /* RCDebugKit-prefix.pch */ = {isa = PBXFileReference; includeInIndex = 1; lastKnownFileType = sourcecode.c.h; path = "RCDebugKit-prefix.pch"; sourceTree = "<group>"; };
		C56724085BE7B94FA28CA068E8F8CB6C /* Info.plist */ = {isa = PBXFileReference; includeInIndex = 1; lastKnownFileType = text.plist.xml; path = Info.plist; sourceTree = "<group>"; };
		D4F919DEF8723CE36C3FFC47AD1B4F80 /* Info.plist */ = {isa = PBXFileReference; includeInIndex = 1; lastKnownFileType = text.plist.xml; path = Info.plist; sourceTree = "<group>"; };
		D88AAE1F92055A60CC2FC970D7D34634 /* Foundation.framework */ = {isa = PBXFileReference; lastKnownFileType = wrapper.framework; name = Foundation.framework; path = Platforms/iPhoneOS.platform/Developer/SDKs/iPhoneOS10.3.sdk/System/Library/Frameworks/Foundation.framework; sourceTree = DEVELOPER_DIR; };
		DE8B87F7205803B4006BC605 /* RCDebugMacros.h */ = {isa = PBXFileReference; lastKnownFileType = sourcecode.c.h; name = RCDebugMacros.h; path = RCDebugKit/Classes/RCDebugMacros.h; sourceTree = "<group>"; };
		E103BF9E9885A707B1ADB05FF1EFC8A2 /* Pods-RCDebugKit_Example.debug.xcconfig */ = {isa = PBXFileReference; includeInIndex = 1; lastKnownFileType = text.xcconfig; path = "Pods-RCDebugKit_Example.debug.xcconfig"; sourceTree = "<group>"; };
		F4B47BE8F86C7B52F46A876AB2606F85 /* RCDebugKit.framework */ = {isa = PBXFileReference; explicitFileType = wrapper.framework; includeInIndex = 0; path = RCDebugKit.framework; sourceTree = BUILT_PRODUCTS_DIR; };
		F97A03E3415AA46304FB4971F88C8608 /* Pods-RCDebugKit_Example-frameworks.sh */ = {isa = PBXFileReference; includeInIndex = 1; lastKnownFileType = text.script.sh; path = "Pods-RCDebugKit_Example-frameworks.sh"; sourceTree = "<group>"; };
		FA9D4B884C1CEE3242F5137CE27FE741 /* RCToast.m */ = {isa = PBXFileReference; includeInIndex = 1; lastKnownFileType = sourcecode.c.objc; name = RCToast.m; path = RCDebugKit/Classes/Hint/RCToast.m; sourceTree = "<group>"; };
/* End PBXFileReference section */

/* Begin PBXFrameworksBuildPhase section */
		19ECD2CB8E5732B99013C574A360BDD2 /* Frameworks */ = {
			isa = PBXFrameworksBuildPhase;
			buildActionMask = 2147483647;
			files = (
				FBC6551BCDDDA985049B6C1C1D067C40 /* Foundation.framework in Frameworks */,
			);
			runOnlyForDeploymentPostprocessing = 0;
		};
		297CD4546BADEC6E2C0BC06035732AC8 /* Frameworks */ = {
			isa = PBXFrameworksBuildPhase;
			buildActionMask = 2147483647;
			files = (
				8B61C3DAF153F7FDCA0FF02E0770D12C /* Foundation.framework in Frameworks */,
				1B4DC393D919182D6DABE395606FE39D /* UIKit.framework in Frameworks */,
			);
			runOnlyForDeploymentPostprocessing = 0;
		};
		51E5984687D0B915C662A2102A818ED8 /* Frameworks */ = {
			isa = PBXFrameworksBuildPhase;
			buildActionMask = 2147483647;
			files = (
				75F2F9B5370B31B8275873FCFA034B3B /* Foundation.framework in Frameworks */,
			);
			runOnlyForDeploymentPostprocessing = 0;
		};
/* End PBXFrameworksBuildPhase section */

/* Begin PBXGroup section */
		0E39569FE8A93F3C9D7BAD4A88189EC0 /* Development Pods */ = {
			isa = PBXGroup;
			children = (
				18A0709CCC00C74231A3151CAB7020E7 /* RCDebugKit */,
			);
			name = "Development Pods";
			sourceTree = "<group>";
		};
		18A0709CCC00C74231A3151CAB7020E7 /* RCDebugKit */ = {
			isa = PBXGroup;
			children = (
				619D9B9752F79F2CECAFE6499DD9161A /* FPSLabel */,
				2630EB113A8456C5339DF23AB8B5D642 /* Hint */,
				4E8C9C7F08E68474FD86C5F7784E1799 /* Pod */,
				E11DA6FBC397DDBEAB46C51C4B4EF597 /* Support Files */,
				DE8B87F7205803B4006BC605 /* RCDebugMacros.h */,
			);
			name = RCDebugKit;
			path = ../..;
			sourceTree = "<group>";
		};
		2630EB113A8456C5339DF23AB8B5D642 /* Hint */ = {
			isa = PBXGroup;
			children = (
				2F6B805679B84886F985C02913FA95AA /* RCToast.h */,
				FA9D4B884C1CEE3242F5137CE27FE741 /* RCToast.m */,
			);
			name = Hint;
			sourceTree = "<group>";
		};
		433CD3331B6C3787F473C941B61FC68F /* Frameworks */ = {
			isa = PBXGroup;
			children = (
				438B396F6B4147076630CAEFE34282C1 /* iOS */,
			);
			name = Frameworks;
			sourceTree = "<group>";
		};
		438B396F6B4147076630CAEFE34282C1 /* iOS */ = {
			isa = PBXGroup;
			children = (
				D88AAE1F92055A60CC2FC970D7D34634 /* Foundation.framework */,
				B63C6A64CF66340668996F78DA6BB482 /* UIKit.framework */,
			);
			name = iOS;
			sourceTree = "<group>";
		};
		4E8C9C7F08E68474FD86C5F7784E1799 /* Pod */ = {
			isa = PBXGroup;
			children = (
				B0670DB48A932341BB19340F8771E455 /* LICENSE */,
				C1FA068CFCE6FCD0D21FED04C8EDA81F /* RCDebugKit.podspec */,
				534AEAA6C07A94E6225E0A401542CAB1 /* README.md */,
			);
			name = Pod;
			sourceTree = "<group>";
		};
		54096A23D26D7E6B8E9A5CDE125FACCD /* Products */ = {
			isa = PBXGroup;
			children = (
				948DE11D2C0A95C94D260DE22A6506DD /* Pods_RCDebugKit_Example.framework */,
				16887ADC4AEBA65945BAB21991B243B9 /* Pods_RCDebugKit_Tests.framework */,
				F4B47BE8F86C7B52F46A876AB2606F85 /* RCDebugKit.framework */,
			);
			name = Products;
			sourceTree = "<group>";
		};
		619D9B9752F79F2CECAFE6499DD9161A /* FPSLabel */ = {
			isa = PBXGroup;
			children = (
				3F676EB28F015A5B24164F126637F53F /* RCFPSLabelHeader.h */,
				1AC4458554B8BD830B2A6C3478419ADB /* YYFPSLabel.h */,
				AA287A3BDCE23518F553DA5825A09CE9 /* YYFPSLabel.m */,
				3067AA1BC3C6B4301454EE40B283B4EC /* YYWeakProxy.h */,
				66B1D8EB69BD8F09407A14FC43E9583A /* YYWeakProxy.m */,
			);
			name = FPSLabel;
			sourceTree = "<group>";
		};
		7DB346D0F39D3F0E887471402A8071AB = {
			isa = PBXGroup;
			children = (
				93A4A3777CF96A4AAC1D13BA6DCCEA73 /* Podfile */,
				0E39569FE8A93F3C9D7BAD4A88189EC0 /* Development Pods */,
				433CD3331B6C3787F473C941B61FC68F /* Frameworks */,
				54096A23D26D7E6B8E9A5CDE125FACCD /* Products */,
				BBF9833C464E59A681579336FE05CB77 /* Targets Support Files */,
			);
			sourceTree = "<group>";
		};
		8529410E66A53208C1695A08902D0484 /* Pods-RCDebugKit_Example */ = {
			isa = PBXGroup;
			children = (
				D4F919DEF8723CE36C3FFC47AD1B4F80 /* Info.plist */,
				62482C7B25F8C4CCF9D07282D8818BA8 /* Pods-RCDebugKit_Example.modulemap */,
				9D6FD9DA2CCAE13B6E223E1AA21CC930 /* Pods-RCDebugKit_Example-acknowledgements.markdown */,
				6427CD77589E2A5C0D5DA10301FFA088 /* Pods-RCDebugKit_Example-acknowledgements.plist */,
				126C6A7BE22266B66DBDBD7E728153D4 /* Pods-RCDebugKit_Example-dummy.m */,
				F97A03E3415AA46304FB4971F88C8608 /* Pods-RCDebugKit_Example-frameworks.sh */,
				32574A42201F9068C23CF16465967DE8 /* Pods-RCDebugKit_Example-resources.sh */,
				7F49C9A8421C2F0A66168ADBC7B5DBD6 /* Pods-RCDebugKit_Example-umbrella.h */,
				E103BF9E9885A707B1ADB05FF1EFC8A2 /* Pods-RCDebugKit_Example.debug.xcconfig */,
				ACFEF3D290110CE7296155F5ADD54D31 /* Pods-RCDebugKit_Example.release.xcconfig */,
			);
			name = "Pods-RCDebugKit_Example";
			path = "Target Support Files/Pods-RCDebugKit_Example";
			sourceTree = "<group>";
		};
		B02987BA2D450C06C3C4B488B4DA0DF6 /* Pods-RCDebugKit_Tests */ = {
			isa = PBXGroup;
			children = (
				C56724085BE7B94FA28CA068E8F8CB6C /* Info.plist */,
				47232587D2E6EA41B8D75E8E5D744A8D /* Pods-RCDebugKit_Tests.modulemap */,
				693AD0F5771CC4FD178F31500013ABFE /* Pods-RCDebugKit_Tests-acknowledgements.markdown */,
				1CEDDC2F919E9A4BC939559A6D0D4C00 /* Pods-RCDebugKit_Tests-acknowledgements.plist */,
				28E99AB46440DF3517FB286A7815B154 /* Pods-RCDebugKit_Tests-dummy.m */,
				0CC2A748979D7DD13BA245780659B74F /* Pods-RCDebugKit_Tests-frameworks.sh */,
				80E754A14C40BF1009995751D43E1F79 /* Pods-RCDebugKit_Tests-resources.sh */,
				9EC2990C34A40FBB948A5E6FDC7FAA14 /* Pods-RCDebugKit_Tests-umbrella.h */,
				79E0EF4F6FC1B91B7F121FC77E1691CD /* Pods-RCDebugKit_Tests.debug.xcconfig */,
				AE4377E0C2787CFB650A18F44F319D8E /* Pods-RCDebugKit_Tests.release.xcconfig */,
			);
			name = "Pods-RCDebugKit_Tests";
			path = "Target Support Files/Pods-RCDebugKit_Tests";
			sourceTree = "<group>";
		};
		BBF9833C464E59A681579336FE05CB77 /* Targets Support Files */ = {
			isa = PBXGroup;
			children = (
				8529410E66A53208C1695A08902D0484 /* Pods-RCDebugKit_Example */,
				B02987BA2D450C06C3C4B488B4DA0DF6 /* Pods-RCDebugKit_Tests */,
			);
			name = "Targets Support Files";
			sourceTree = "<group>";
		};
		E11DA6FBC397DDBEAB46C51C4B4EF597 /* Support Files */ = {
			isa = PBXGroup;
			children = (
				14027604DA6B96275E5FD54B8ADCF092 /* Info.plist */,
				6B58E9DED07E4978B64D04CC660BAF72 /* RCDebugKit.modulemap */,
				2A219F309AAB730617D0D8C4F2FF68DA /* RCDebugKit.xcconfig */,
				011534D1B8DF3586D9ABB7C7C96084E2 /* RCDebugKit-dummy.m */,
				C4B4B804460161C7537688A4159108E6 /* RCDebugKit-prefix.pch */,
				3F9A75D6FC6537A4B6E48B55A3593F4B /* RCDebugKit-umbrella.h */,
			);
			name = "Support Files";
			path = "Example/Pods/Target Support Files/RCDebugKit";
			sourceTree = "<group>";
		};
/* End PBXGroup section */

/* Begin PBXHeadersBuildPhase section */
		2E17FA288CA69B43E961B8EB318BE31A /* Headers */ = {
			isa = PBXHeadersBuildPhase;
			buildActionMask = 2147483647;
			files = (
				DE8B87F8205803B4006BC605 /* RCDebugMacros.h in Headers */,
				E59B155B8898FE0DB4DAB1EAB8BC698A /* Pods-RCDebugKit_Example-umbrella.h in Headers */,
			);
			runOnlyForDeploymentPostprocessing = 0;
		};
		3405ABD6E3D58D0290BEC8EBE006238C /* Headers */ = {
			isa = PBXHeadersBuildPhase;
			buildActionMask = 2147483647;
			files = (
				DE8B87F9205803B4006BC605 /* RCDebugMacros.h in Headers */,
				224907B3F3B20060EF016F248391CAB5 /* Pods-RCDebugKit_Tests-umbrella.h in Headers */,
			);
			runOnlyForDeploymentPostprocessing = 0;
		};
		A7E21EEC6AC7160F8BEF1B40239205DD /* Headers */ = {
			isa = PBXHeadersBuildPhase;
			buildActionMask = 2147483647;
			files = (
				180E29AC33A1927756AF8E3B66EB2448 /* RCDebugKit-umbrella.h in Headers */,
				C517D5E81D74EDE94E6E1A8FDA4B1DBB /* RCFPSLabelHeader.h in Headers */,
				DE8B87FA205803B4006BC605 /* RCDebugMacros.h in Headers */,
				7A767970A4CF72CAA07584958ECA925B /* RCToast.h in Headers */,
				9DDD22FFE07C78DB332B55BE41C1561A /* YYFPSLabel.h in Headers */,
				4AF0FB506E83FF4F96C096FD9029AA11 /* YYWeakProxy.h in Headers */,
			);
			runOnlyForDeploymentPostprocessing = 0;
		};
/* End PBXHeadersBuildPhase section */

/* Begin PBXNativeTarget section */
		3433FA43CBFC2F72463E6F6C97A0906F /* RCDebugKit */ = {
			isa = PBXNativeTarget;
			buildConfigurationList = 3F38314EAE2C962BC78D8B7AB3F41917 /* Build configuration list for PBXNativeTarget "RCDebugKit" */;
			buildPhases = (
				1F969E16DA2702A59ED32A7A8988B809 /* Sources */,
				297CD4546BADEC6E2C0BC06035732AC8 /* Frameworks */,
				A7E21EEC6AC7160F8BEF1B40239205DD /* Headers */,
			);
			buildRules = (
			);
			dependencies = (
			);
			name = RCDebugKit;
			productName = RCDebugKit;
			productReference = F4B47BE8F86C7B52F46A876AB2606F85 /* RCDebugKit.framework */;
			productType = "com.apple.product-type.framework";
		};
		CF50DADC3D78066BA5B2DB3DB3935453 /* Pods-RCDebugKit_Tests */ = {
			isa = PBXNativeTarget;
			buildConfigurationList = 352513B6766565D7C23F27DBEE6EC165 /* Build configuration list for PBXNativeTarget "Pods-RCDebugKit_Tests" */;
			buildPhases = (
				0679375520CE687D162F244D72A428CD /* Sources */,
				19ECD2CB8E5732B99013C574A360BDD2 /* Frameworks */,
				3405ABD6E3D58D0290BEC8EBE006238C /* Headers */,
			);
			buildRules = (
			);
			dependencies = (
			);
			name = "Pods-RCDebugKit_Tests";
			productName = "Pods-RCDebugKit_Tests";
			productReference = 16887ADC4AEBA65945BAB21991B243B9 /* Pods_RCDebugKit_Tests.framework */;
			productType = "com.apple.product-type.framework";
		};
		E78ED0B4A6A0800C49C5698A9B5F59CF /* Pods-RCDebugKit_Example */ = {
			isa = PBXNativeTarget;
			buildConfigurationList = 2448328878AE3693A51C85DBB21D1920 /* Build configuration list for PBXNativeTarget "Pods-RCDebugKit_Example" */;
			buildPhases = (
				97608496ABD26722A58B84C676B94C2D /* Sources */,
				51E5984687D0B915C662A2102A818ED8 /* Frameworks */,
				2E17FA288CA69B43E961B8EB318BE31A /* Headers */,
			);
			buildRules = (
			);
			dependencies = (
				237BCA03FD37322050624E48AAFEC2EC /* PBXTargetDependency */,
			);
			name = "Pods-RCDebugKit_Example";
			productName = "Pods-RCDebugKit_Example";
			productReference = 948DE11D2C0A95C94D260DE22A6506DD /* Pods_RCDebugKit_Example.framework */;
			productType = "com.apple.product-type.framework";
		};
/* End PBXNativeTarget section */

/* Begin PBXProject section */
		D41D8CD98F00B204E9800998ECF8427E /* Project object */ = {
			isa = PBXProject;
			attributes = {
				LastSwiftUpdateCheck = 0830;
				LastUpgradeCheck = 0700;
			};
			buildConfigurationList = 2D8E8EC45A3A1A1D94AE762CB5028504 /* Build configuration list for PBXProject "Pods" */;
			compatibilityVersion = "Xcode 3.2";
			developmentRegion = English;
			hasScannedForEncodings = 0;
			knownRegions = (
				en,
			);
			mainGroup = 7DB346D0F39D3F0E887471402A8071AB;
			productRefGroup = 54096A23D26D7E6B8E9A5CDE125FACCD /* Products */;
			projectDirPath = "";
			projectRoot = "";
			targets = (
				E78ED0B4A6A0800C49C5698A9B5F59CF /* Pods-RCDebugKit_Example */,
				CF50DADC3D78066BA5B2DB3DB3935453 /* Pods-RCDebugKit_Tests */,
				3433FA43CBFC2F72463E6F6C97A0906F /* RCDebugKit */,
			);
		};
/* End PBXProject section */

/* Begin PBXSourcesBuildPhase section */
		0679375520CE687D162F244D72A428CD /* Sources */ = {
			isa = PBXSourcesBuildPhase;
			buildActionMask = 2147483647;
			files = (
				4DB93623E270DD29B80FF23036D11F71 /* Pods-RCDebugKit_Tests-dummy.m in Sources */,
			);
			runOnlyForDeploymentPostprocessing = 0;
		};
		1F969E16DA2702A59ED32A7A8988B809 /* Sources */ = {
			isa = PBXSourcesBuildPhase;
			buildActionMask = 2147483647;
			files = (
				84FD0A639244B21633CB22AB3BFC1458 /* RCDebugKit-dummy.m in Sources */,
				2D21C547D4CC68A3FF19C9D50442780E /* RCToast.m in Sources */,
				D1DA53824520C809F313005E21F483FD /* YYFPSLabel.m in Sources */,
				0574144EA276B1239DAF3A1622A7C1A6 /* YYWeakProxy.m in Sources */,
			);
			runOnlyForDeploymentPostprocessing = 0;
		};
		97608496ABD26722A58B84C676B94C2D /* Sources */ = {
			isa = PBXSourcesBuildPhase;
			buildActionMask = 2147483647;
			files = (
				AB0B47F76FC5C8934647741FAD22774C /* Pods-RCDebugKit_Example-dummy.m in Sources */,
			);
			runOnlyForDeploymentPostprocessing = 0;
		};
/* End PBXSourcesBuildPhase section */

/* Begin PBXTargetDependency section */
		237BCA03FD37322050624E48AAFEC2EC /* PBXTargetDependency */ = {
			isa = PBXTargetDependency;
			name = RCDebugKit;
			target = 3433FA43CBFC2F72463E6F6C97A0906F /* RCDebugKit */;
			targetProxy = 4F869DEBA11DD90FA709A7A8CEF7D1AD /* PBXContainerItemProxy */;
		};
/* End PBXTargetDependency section */

/* Begin XCBuildConfiguration section */
		2499E7EDFFE79D2C0C238FF9E46AA1F8 /* Debug */ = {
			isa = XCBuildConfiguration;
			baseConfigurationReference = E103BF9E9885A707B1ADB05FF1EFC8A2 /* Pods-RCDebugKit_Example.debug.xcconfig */;
			buildSettings = {
				CODE_SIGN_IDENTITY = "";
				"CODE_SIGN_IDENTITY[sdk=appletvos*]" = "";
				"CODE_SIGN_IDENTITY[sdk=iphoneos*]" = "";
				"CODE_SIGN_IDENTITY[sdk=watchos*]" = "";
				CURRENT_PROJECT_VERSION = 1;
				DEFINES_MODULE = YES;
				DYLIB_COMPATIBILITY_VERSION = 1;
				DYLIB_CURRENT_VERSION = 1;
				DYLIB_INSTALL_NAME_BASE = "@rpath";
				INFOPLIST_FILE = "Target Support Files/Pods-RCDebugKit_Example/Info.plist";
				INSTALL_PATH = "$(LOCAL_LIBRARY_DIR)/Frameworks";
				IPHONEOS_DEPLOYMENT_TARGET = 9.3;
				LD_RUNPATH_SEARCH_PATHS = "$(inherited) @executable_path/Frameworks @loader_path/Frameworks";
				MACH_O_TYPE = staticlib;
				MODULEMAP_FILE = "Target Support Files/Pods-RCDebugKit_Example/Pods-RCDebugKit_Example.modulemap";
				OTHER_LDFLAGS = "";
				OTHER_LIBTOOLFLAGS = "";
				PODS_ROOT = "$(SRCROOT)";
				PRODUCT_BUNDLE_IDENTIFIER = "org.cocoapods.${PRODUCT_NAME:rfc1034identifier}";
				PRODUCT_NAME = Pods_RCDebugKit_Example;
				SDKROOT = iphoneos;
				SKIP_INSTALL = YES;
				TARGETED_DEVICE_FAMILY = "1,2";
				VERSIONING_SYSTEM = "apple-generic";
				VERSION_INFO_PREFIX = "";
			};
			name = Debug;
		};
		322714A8ECB746832C114337B3CCA28D /* Debug */ = {
			isa = XCBuildConfiguration;
			baseConfigurationReference = 79E0EF4F6FC1B91B7F121FC77E1691CD /* Pods-RCDebugKit_Tests.debug.xcconfig */;
			buildSettings = {
				CODE_SIGN_IDENTITY = "";
				"CODE_SIGN_IDENTITY[sdk=appletvos*]" = "";
				"CODE_SIGN_IDENTITY[sdk=iphoneos*]" = "";
				"CODE_SIGN_IDENTITY[sdk=watchos*]" = "";
				CURRENT_PROJECT_VERSION = 1;
				DEFINES_MODULE = YES;
				DYLIB_COMPATIBILITY_VERSION = 1;
				DYLIB_CURRENT_VERSION = 1;
				DYLIB_INSTALL_NAME_BASE = "@rpath";
				INFOPLIST_FILE = "Target Support Files/Pods-RCDebugKit_Tests/Info.plist";
				INSTALL_PATH = "$(LOCAL_LIBRARY_DIR)/Frameworks";
				IPHONEOS_DEPLOYMENT_TARGET = 9.3;
				LD_RUNPATH_SEARCH_PATHS = "$(inherited) @executable_path/Frameworks @loader_path/Frameworks";
				MACH_O_TYPE = staticlib;
				MODULEMAP_FILE = "Target Support Files/Pods-RCDebugKit_Tests/Pods-RCDebugKit_Tests.modulemap";
				OTHER_LDFLAGS = "";
				OTHER_LIBTOOLFLAGS = "";
				PODS_ROOT = "$(SRCROOT)";
				PRODUCT_BUNDLE_IDENTIFIER = "org.cocoapods.${PRODUCT_NAME:rfc1034identifier}";
				PRODUCT_NAME = Pods_RCDebugKit_Tests;
				SDKROOT = iphoneos;
				SKIP_INSTALL = YES;
				TARGETED_DEVICE_FAMILY = "1,2";
				VERSIONING_SYSTEM = "apple-generic";
				VERSION_INFO_PREFIX = "";
			};
			name = Debug;
		};
		33DA7F43A1D2FA3C74A8C8FC246E1FA6 /* Debug */ = {
			isa = XCBuildConfiguration;
			buildSettings = {
				ALWAYS_SEARCH_USER_PATHS = NO;
				CLANG_ANALYZER_NONNULL = YES;
				CLANG_ANALYZER_NUMBER_OBJECT_CONVERSION = YES_AGGRESSIVE;
				CLANG_CXX_LANGUAGE_STANDARD = "gnu++14";
				CLANG_CXX_LIBRARY = "libc++";
				CLANG_ENABLE_MODULES = YES;
				CLANG_ENABLE_OBJC_ARC = YES;
				CLANG_WARN_BLOCK_CAPTURE_AUTORELEASING = YES;
				CLANG_WARN_BOOL_CONVERSION = YES;
				CLANG_WARN_COMMA = YES;
				CLANG_WARN_CONSTANT_CONVERSION = YES;
				CLANG_WARN_DIRECT_OBJC_ISA_USAGE = YES_ERROR;
				CLANG_WARN_DOCUMENTATION_COMMENTS = YES;
				CLANG_WARN_EMPTY_BODY = YES;
				CLANG_WARN_ENUM_CONVERSION = YES;
				CLANG_WARN_INFINITE_RECURSION = YES;
				CLANG_WARN_INT_CONVERSION = YES;
				CLANG_WARN_NON_LITERAL_NULL_CONVERSION = YES;
				CLANG_WARN_OBJC_LITERAL_CONVERSION = YES;
				CLANG_WARN_OBJC_ROOT_CLASS = YES_ERROR;
				CLANG_WARN_RANGE_LOOP_ANALYSIS = YES;
				CLANG_WARN_STRICT_PROTOTYPES = YES;
				CLANG_WARN_SUSPICIOUS_MOVE = YES;
				CLANG_WARN_UNGUARDED_AVAILABILITY = YES_AGGRESSIVE;
				CLANG_WARN_UNREACHABLE_CODE = YES;
				CLANG_WARN__DUPLICATE_METHOD_MATCH = YES;
				CODE_SIGNING_REQUIRED = NO;
				COPY_PHASE_STRIP = NO;
				DEBUG_INFORMATION_FORMAT = dwarf;
				ENABLE_STRICT_OBJC_MSGSEND = YES;
				ENABLE_TESTABILITY = YES;
				GCC_C_LANGUAGE_STANDARD = gnu11;
				GCC_DYNAMIC_NO_PIC = NO;
				GCC_NO_COMMON_BLOCKS = YES;
				GCC_OPTIMIZATION_LEVEL = 0;
				GCC_PREPROCESSOR_DEFINITIONS = (
					"POD_CONFIGURATION_DEBUG=1",
					"DEBUG=1",
					"$(inherited)",
				);
				GCC_WARN_64_TO_32_BIT_CONVERSION = YES;
				GCC_WARN_ABOUT_RETURN_TYPE = YES_ERROR;
				GCC_WARN_UNDECLARED_SELECTOR = YES;
				GCC_WARN_UNINITIALIZED_AUTOS = YES_AGGRESSIVE;
				GCC_WARN_UNUSED_FUNCTION = YES;
				GCC_WARN_UNUSED_VARIABLE = YES;
				IPHONEOS_DEPLOYMENT_TARGET = 9.3;
				MTL_ENABLE_DEBUG_INFO = YES;
				ONLY_ACTIVE_ARCH = YES;
				PRODUCT_NAME = "$(TARGET_NAME)";
				PROVISIONING_PROFILE_SPECIFIER = NO_SIGNING/;
				STRIP_INSTALLED_PRODUCT = NO;
				SWIFT_ACTIVE_COMPILATION_CONDITIONS = DEBUG;
				SYMROOT = "${SRCROOT}/../build";
			};
			name = Debug;
		};
		3841289D40F6D5A3EFDC5A924AC8E2BB /* Release */ = {
			isa = XCBuildConfiguration;
			baseConfigurationReference = 2A219F309AAB730617D0D8C4F2FF68DA /* RCDebugKit.xcconfig */;
			buildSettings = {
				CODE_SIGN_IDENTITY = "";
				"CODE_SIGN_IDENTITY[sdk=appletvos*]" = "";
				"CODE_SIGN_IDENTITY[sdk=iphoneos*]" = "";
				"CODE_SIGN_IDENTITY[sdk=watchos*]" = "";
				CURRENT_PROJECT_VERSION = 1;
				DEFINES_MODULE = YES;
				DYLIB_COMPATIBILITY_VERSION = 1;
				DYLIB_CURRENT_VERSION = 1;
				DYLIB_INSTALL_NAME_BASE = "@rpath";
				GCC_PREFIX_HEADER = "Target Support Files/RCDebugKit/RCDebugKit-prefix.pch";
				INFOPLIST_FILE = "Target Support Files/RCDebugKit/Info.plist";
				INSTALL_PATH = "$(LOCAL_LIBRARY_DIR)/Frameworks";
				IPHONEOS_DEPLOYMENT_TARGET = 8.0;
				LD_RUNPATH_SEARCH_PATHS = "$(inherited) @executable_path/Frameworks @loader_path/Frameworks";
				MODULEMAP_FILE = "Target Support Files/RCDebugKit/RCDebugKit.modulemap";
				PRODUCT_NAME = RCDebugKit;
				SDKROOT = iphoneos;
				SKIP_INSTALL = YES;
				SWIFT_ACTIVE_COMPILATION_CONDITIONS = "$(inherited) ";
				TARGETED_DEVICE_FAMILY = "1,2";
				VALIDATE_PRODUCT = YES;
				VERSIONING_SYSTEM = "apple-generic";
				VERSION_INFO_PREFIX = "";
			};
			name = Release;
		};
		66D1B7A99B5DAEE049243A17F9AAB5B7 /* Release */ = {
			isa = XCBuildConfiguration;
			baseConfigurationReference = AE4377E0C2787CFB650A18F44F319D8E /* Pods-RCDebugKit_Tests.release.xcconfig */;
			buildSettings = {
				CODE_SIGN_IDENTITY = "";
				"CODE_SIGN_IDENTITY[sdk=appletvos*]" = "";
				"CODE_SIGN_IDENTITY[sdk=iphoneos*]" = "";
				"CODE_SIGN_IDENTITY[sdk=watchos*]" = "";
				CURRENT_PROJECT_VERSION = 1;
				DEFINES_MODULE = YES;
				DYLIB_COMPATIBILITY_VERSION = 1;
				DYLIB_CURRENT_VERSION = 1;
				DYLIB_INSTALL_NAME_BASE = "@rpath";
				INFOPLIST_FILE = "Target Support Files/Pods-RCDebugKit_Tests/Info.plist";
				INSTALL_PATH = "$(LOCAL_LIBRARY_DIR)/Frameworks";
				IPHONEOS_DEPLOYMENT_TARGET = 9.3;
				LD_RUNPATH_SEARCH_PATHS = "$(inherited) @executable_path/Frameworks @loader_path/Frameworks";
				MACH_O_TYPE = staticlib;
				MODULEMAP_FILE = "Target Support Files/Pods-RCDebugKit_Tests/Pods-RCDebugKit_Tests.modulemap";
				OTHER_LDFLAGS = "";
				OTHER_LIBTOOLFLAGS = "";
				PODS_ROOT = "$(SRCROOT)";
				PRODUCT_BUNDLE_IDENTIFIER = "org.cocoapods.${PRODUCT_NAME:rfc1034identifier}";
				PRODUCT_NAME = Pods_RCDebugKit_Tests;
				SDKROOT = iphoneos;
				SKIP_INSTALL = YES;
				TARGETED_DEVICE_FAMILY = "1,2";
				VALIDATE_PRODUCT = YES;
				VERSIONING_SYSTEM = "apple-generic";
				VERSION_INFO_PREFIX = "";
			};
			name = Release;
		};
		731DC216E1A58545B559F6E0A2418060 /* Release */ = {
			isa = XCBuildConfiguration;
			buildSettings = {
				ALWAYS_SEARCH_USER_PATHS = NO;
				CLANG_ANALYZER_NONNULL = YES;
				CLANG_ANALYZER_NUMBER_OBJECT_CONVERSION = YES_AGGRESSIVE;
				CLANG_CXX_LANGUAGE_STANDARD = "gnu++14";
				CLANG_CXX_LIBRARY = "libc++";
				CLANG_ENABLE_MODULES = YES;
				CLANG_ENABLE_OBJC_ARC = YES;
				CLANG_WARN_BLOCK_CAPTURE_AUTORELEASING = YES;
				CLANG_WARN_BOOL_CONVERSION = YES;
				CLANG_WARN_COMMA = YES;
				CLANG_WARN_CONSTANT_CONVERSION = YES;
				CLANG_WARN_DIRECT_OBJC_ISA_USAGE = YES_ERROR;
				CLANG_WARN_DOCUMENTATION_COMMENTS = YES;
				CLANG_WARN_EMPTY_BODY = YES;
				CLANG_WARN_ENUM_CONVERSION = YES;
				CLANG_WARN_INFINITE_RECURSION = YES;
				CLANG_WARN_INT_CONVERSION = YES;
				CLANG_WARN_NON_LITERAL_NULL_CONVERSION = YES;
				CLANG_WARN_OBJC_LITERAL_CONVERSION = YES;
				CLANG_WARN_OBJC_ROOT_CLASS = YES_ERROR;
				CLANG_WARN_RANGE_LOOP_ANALYSIS = YES;
				CLANG_WARN_STRICT_PROTOTYPES = YES;
				CLANG_WARN_SUSPICIOUS_MOVE = YES;
				CLANG_WARN_UNGUARDED_AVAILABILITY = YES_AGGRESSIVE;
				CLANG_WARN_UNREACHABLE_CODE = YES;
				CLANG_WARN__DUPLICATE_METHOD_MATCH = YES;
				CODE_SIGNING_REQUIRED = NO;
				COPY_PHASE_STRIP = NO;
				DEBUG_INFORMATION_FORMAT = "dwarf-with-dsym";
				ENABLE_NS_ASSERTIONS = NO;
				ENABLE_STRICT_OBJC_MSGSEND = YES;
				GCC_C_LANGUAGE_STANDARD = gnu11;
				GCC_NO_COMMON_BLOCKS = YES;
				GCC_PREPROCESSOR_DEFINITIONS = (
					"POD_CONFIGURATION_RELEASE=1",
					"$(inherited)",
				);
				GCC_WARN_64_TO_32_BIT_CONVERSION = YES;
				GCC_WARN_ABOUT_RETURN_TYPE = YES_ERROR;
				GCC_WARN_UNDECLARED_SELECTOR = YES;
				GCC_WARN_UNINITIALIZED_AUTOS = YES_AGGRESSIVE;
				GCC_WARN_UNUSED_FUNCTION = YES;
				GCC_WARN_UNUSED_VARIABLE = YES;
				IPHONEOS_DEPLOYMENT_TARGET = 9.3;
				MTL_ENABLE_DEBUG_INFO = NO;
				PRODUCT_NAME = "$(TARGET_NAME)";
				PROVISIONING_PROFILE_SPECIFIER = NO_SIGNING/;
				STRIP_INSTALLED_PRODUCT = NO;
				SYMROOT = "${SRCROOT}/../build";
			};
			name = Release;
		};
		AB0E744CF10E0E460E0363E2430388DB /* Debug */ = {
			isa = XCBuildConfiguration;
			baseConfigurationReference = 2A219F309AAB730617D0D8C4F2FF68DA /* RCDebugKit.xcconfig */;
			buildSettings = {
				CODE_SIGN_IDENTITY = "";
				"CODE_SIGN_IDENTITY[sdk=appletvos*]" = "";
				"CODE_SIGN_IDENTITY[sdk=iphoneos*]" = "";
				"CODE_SIGN_IDENTITY[sdk=watchos*]" = "";
				CURRENT_PROJECT_VERSION = 1;
				DEFINES_MODULE = YES;
				DYLIB_COMPATIBILITY_VERSION = 1;
				DYLIB_CURRENT_VERSION = 1;
				DYLIB_INSTALL_NAME_BASE = "@rpath";
				GCC_PREFIX_HEADER = "Target Support Files/RCDebugKit/RCDebugKit-prefix.pch";
				INFOPLIST_FILE = "Target Support Files/RCDebugKit/Info.plist";
				INSTALL_PATH = "$(LOCAL_LIBRARY_DIR)/Frameworks";
				IPHONEOS_DEPLOYMENT_TARGET = 8.0;
				LD_RUNPATH_SEARCH_PATHS = "$(inherited) @executable_path/Frameworks @loader_path/Frameworks";
				MODULEMAP_FILE = "Target Support Files/RCDebugKit/RCDebugKit.modulemap";
				PRODUCT_NAME = RCDebugKit;
				SDKROOT = iphoneos;
				SKIP_INSTALL = YES;
				SWIFT_ACTIVE_COMPILATION_CONDITIONS = "$(inherited) ";
				TARGETED_DEVICE_FAMILY = "1,2";
				VERSIONING_SYSTEM = "apple-generic";
				VERSION_INFO_PREFIX = "";
			};
			name = Debug;
		};
		F5A4AB53AAA5A221BD55D5E91DDE2768 /* Release */ = {
			isa = XCBuildConfiguration;
			baseConfigurationReference = ACFEF3D290110CE7296155F5ADD54D31 /* Pods-RCDebugKit_Example.release.xcconfig */;
			buildSettings = {
				CODE_SIGN_IDENTITY = "";
				"CODE_SIGN_IDENTITY[sdk=appletvos*]" = "";
				"CODE_SIGN_IDENTITY[sdk=iphoneos*]" = "";
				"CODE_SIGN_IDENTITY[sdk=watchos*]" = "";
				CURRENT_PROJECT_VERSION = 1;
				DEFINES_MODULE = YES;
				DYLIB_COMPATIBILITY_VERSION = 1;
				DYLIB_CURRENT_VERSION = 1;
				DYLIB_INSTALL_NAME_BASE = "@rpath";
				INFOPLIST_FILE = "Target Support Files/Pods-RCDebugKit_Example/Info.plist";
				INSTALL_PATH = "$(LOCAL_LIBRARY_DIR)/Frameworks";
				IPHONEOS_DEPLOYMENT_TARGET = 9.3;
				LD_RUNPATH_SEARCH_PATHS = "$(inherited) @executable_path/Frameworks @loader_path/Frameworks";
				MACH_O_TYPE = staticlib;
				MODULEMAP_FILE = "Target Support Files/Pods-RCDebugKit_Example/Pods-RCDebugKit_Example.modulemap";
				OTHER_LDFLAGS = "";
				OTHER_LIBTOOLFLAGS = "";
				PODS_ROOT = "$(SRCROOT)";
				PRODUCT_BUNDLE_IDENTIFIER = "org.cocoapods.${PRODUCT_NAME:rfc1034identifier}";
				PRODUCT_NAME = Pods_RCDebugKit_Example;
				SDKROOT = iphoneos;
				SKIP_INSTALL = YES;
				TARGETED_DEVICE_FAMILY = "1,2";
				VALIDATE_PRODUCT = YES;
				VERSIONING_SYSTEM = "apple-generic";
				VERSION_INFO_PREFIX = "";
			};
			name = Release;
		};
/* End XCBuildConfiguration section */

/* Begin XCConfigurationList section */
		2448328878AE3693A51C85DBB21D1920 /* Build configuration list for PBXNativeTarget "Pods-RCDebugKit_Example" */ = {
			isa = XCConfigurationList;
			buildConfigurations = (
				2499E7EDFFE79D2C0C238FF9E46AA1F8 /* Debug */,
				F5A4AB53AAA5A221BD55D5E91DDE2768 /* Release */,
			);
			defaultConfigurationIsVisible = 0;
			defaultConfigurationName = Release;
		};
		2D8E8EC45A3A1A1D94AE762CB5028504 /* Build configuration list for PBXProject "Pods" */ = {
			isa = XCConfigurationList;
			buildConfigurations = (
				33DA7F43A1D2FA3C74A8C8FC246E1FA6 /* Debug */,
				731DC216E1A58545B559F6E0A2418060 /* Release */,
			);
			defaultConfigurationIsVisible = 0;
			defaultConfigurationName = Release;
		};
		352513B6766565D7C23F27DBEE6EC165 /* Build configuration list for PBXNativeTarget "Pods-RCDebugKit_Tests" */ = {
			isa = XCConfigurationList;
			buildConfigurations = (
				322714A8ECB746832C114337B3CCA28D /* Debug */,
				66D1B7A99B5DAEE049243A17F9AAB5B7 /* Release */,
			);
			defaultConfigurationIsVisible = 0;
			defaultConfigurationName = Release;
		};
		3F38314EAE2C962BC78D8B7AB3F41917 /* Build configuration list for PBXNativeTarget "RCDebugKit" */ = {
			isa = XCConfigurationList;
			buildConfigurations = (
				AB0E744CF10E0E460E0363E2430388DB /* Debug */,
				3841289D40F6D5A3EFDC5A924AC8E2BB /* Release */,
			);
			defaultConfigurationIsVisible = 0;
			defaultConfigurationName = Release;
		};
/* End XCConfigurationList section */
	};
	rootObject = D41D8CD98F00B204E9800998ECF8427E /* Project object */;
}
